
Microsoft Visual Studio Solution File, Format Version 12.00
# Visual Studio 14
VisualStudioVersion = 14.0.23107.0
MinimumVisualStudioVersion = 10.0.40219.1
Project("{FAE04EC0-301F-11D3-BF4B-00C04F79EFBC}") = "Answer01", "ConsoleInputOutput\Answer01.csproj", "{6BE633CA-611B-463D-8C08-77C63927E565}"
EndProject
Project("{FAE04EC0-301F-11D3-BF4B-00C04F79EFBC}") = "Answer02", "Answer02\Answer02.csproj", "{A6A79D3B-8099-494D-9288-31FDE2F63B69}"
EndProject
Project("{FAE04EC0-301F-11D3-BF4B-00C04F79EFBC}") = "Answer03", "Answer03\Answer03.csproj", "{E35CA55B-ED2A-4F24-BA0E-74EA1EE5CAFA}"
EndProject
Project("{FAE04EC0-301F-11D3-BF4B-00C04F79EFBC}") = "Answer04", "Answer04\Answer04.csproj", "{B81F4433-12A8-4F95-AA3C-1C88B739A85D}"
EndProject
Project("{FAE04EC0-301F-11D3-BF4B-00C04F79EFBC}") = "Answer05", "Answer05\Answer05.csproj", "{01DAFF19-F663-474B-9E8F-9A8D8C9C1AAE}"
EndProject
Project("{FAE04EC0-301F-11D3-BF4B-00C04F79EFBC}") = "Answer06", "Answer06\Answer06.csproj", "{67C7B5C6-855D-4C1C-87CE-3D648ECF0FDF}"
EndProject
Project("{FAE04EC0-301F-11D3-BF4B-00C04F79EFBC}") = "Answer07", "Answer07\Answer07.csproj", "{2F83910F-D8FC-47AA-B307-CE199FEDFBA0}"
EndProject
Project("{FAE04EC0-301F-11D3-BF4B-00C04F79EFBC}") = "Answer08", "Answer08\Answer08.csproj", "{A8D97D1D-242E-4AAE-AF27-8598EECC3764}"
EndProject
Project("{FAE04EC0-301F-11D3-BF4B-00C04F79EFBC}") = "Answer09", "Answer09\Answer09.csproj", "{7E855D83-1FA5-4EC8-8EDD-7750311EBF92}"
EndProject
Project("{FAE04EC0-301F-11D3-BF4B-00C04F79EFBC}") = "Answer10", "Answer10\Answer10.csproj", "{66F00889-405D-4AFE-92A3-EEF2F067466E}"
EndProject
Project("{FAE04EC0-301F-11D3-BF4B-00C04F79EFBC}") = "Answer11", "Answer11\Answer11.csproj", "{A6A326E0-9D8B-402B-9B8E-858505D7FCA8}"
EndProject
Project("{FAE04EC0-301F-11D3-BF4B-00C04F79EFBC}") = "Answer12", "Answer12\Answer12.csproj", "{F04DAAC4-0864-43CF-A6AA-3E45AD343426}"
EndProject
Project("{FAE04EC0-301F-11D3-BF4B-00C04F79EFBC}") = "Answer13", "Answer13\Answer13.csproj", "{BDCB007F-395A-449D-A046-0C3FDE0D6483}"
EndProject
Project("{FAE04EC0-301F-11D3-BF4B-00C04F79EFBC}") = "Answer14i", "Answer14i\Answer14i.csproj", "{3CF1CDA3-0B02-47E8-A646-45A6AA615793}"
EndProject
Project("{FAE04EC0-301F-11D3-BF4B-00C04F79EFBC}") = "Answer15", "Answer15\Answer15.csproj", "{4C46DC6E-87EA-4668-9893-17C535FDB9A8}"
EndProject
Project("{FAE04EC0-301F-11D3-BF4B-00C04F79EFBC}") = "Answer16", "Answer16\Answer16.csproj", "{0CB0A2D8-AB1B-41ED-A189-B6E500551F23}"
EndProject
Project("{FAE04EC0-301F-11D3-BF4B-00C04F79EFBC}") = "Answer17", "Answer17\Answer17.csproj", "{1ADD772B-9D27-489E-B013-755E05F2BB91}"
EndProject
Project("{FAE04EC0-301F-11D3-BF4B-00C04F79EFBC}") = "Test", "Test\Test.csproj", "{E5D2D736-B065-4B37-B4BA-0C847B85C5E7}"
EndProject
Global
	GlobalSection(SolutionConfigurationPlatforms) = preSolution
		Debug|Any CPU = Debug|Any CPU
		Release|Any CPU = Release|Any CPU
	EndGlobalSection
	GlobalSection(ProjectConfigurationPlatforms) = postSolution
		{6BE633CA-611B-463D-8C08-77C63927E565}.Debug|Any CPU.ActiveCfg = Debug|Any CPU
		{6BE633CA-611B-463D-8C08-77C63927E565}.Debug|Any CPU.Build.0 = Debug|Any CPU
		{6BE633CA-611B-463D-8C08-77C63927E565}.Release|Any CPU.ActiveCfg = Release|Any CPU
		{6BE633CA-611B-463D-8C08-77C63927E565}.Release|Any CPU.Build.0 = Release|Any CPU
		{A6A79D3B-8099-494D-9288-31FDE2F63B69}.Debug|Any CPU.ActiveCfg = Debug|Any CPU
		{A6A79D3B-8099-494D-9288-31FDE2F63B69}.Debug|Any CPU.Build.0 = Debug|Any CPU
		{A6A79D3B-8099-494D-9288-31FDE2F63B69}.Release|Any CPU.ActiveCfg = Release|Any CPU
		{A6A79D3B-8099-494D-9288-31FDE2F63B69}.Release|Any CPU.Build.0 = Release|Any CPU
		{E35CA55B-ED2A-4F24-BA0E-74EA1EE5CAFA}.Debug|Any CPU.ActiveCfg = Debug|Any CPU
		{E35CA55B-ED2A-4F24-BA0E-74EA1EE5CAFA}.Debug|Any CPU.Build.0 = Debug|Any CPU
		{E35CA55B-ED2A-4F24-BA0E-74EA1EE5CAFA}.Release|Any CPU.ActiveCfg = Release|Any CPU
		{E35CA55B-ED2A-4F24-BA0E-74EA1EE5CAFA}.Release|Any CPU.Build.0 = Release|Any CPU
		{B81F4433-12A8-4F95-AA3C-1C88B739A85D}.Debug|Any CPU.ActiveCfg = Debug|Any CPU
		{B81F4433-12A8-4F95-AA3C-1C88B739A85D}.Debug|Any CPU.Build.0 = Debug|Any CPU
		{B81F4433-12A8-4F95-AA3C-1C88B739A85D}.Release|Any CPU.ActiveCfg = Release|Any CPU
		{B81F4433-12A8-4F95-AA3C-1C88B739A85D}.Release|Any CPU.Build.0 = Release|Any CPU
		{01DAFF19-F663-474B-9E8F-9A8D8C9C1AAE}.Debug|Any CPU.ActiveCfg = Debug|Any CPU
		{01DAFF19-F663-474B-9E8F-9A8D8C9C1AAE}.Debug|Any CPU.Build.0 = Debug|Any CPU
		{01DAFF19-F663-474B-9E8F-9A8D8C9C1AAE}.Release|Any CPU.ActiveCfg = Release|Any CPU
		{01DAFF19-F663-474B-9E8F-9A8D8C9C1AAE}.Release|Any CPU.Build.0 = Release|Any CPU
		{67C7B5C6-855D-4C1C-87CE-3D648ECF0FDF}.Debug|Any CPU.ActiveCfg = Debug|Any CPU
		{67C7B5C6-855D-4C1C-87CE-3D648ECF0FDF}.Debug|Any CPU.Build.0 = Debug|Any CPU
		{67C7B5C6-855D-4C1C-87CE-3D648ECF0FDF}.Release|Any CPU.ActiveCfg = Release|Any CPU
		{67C7B5C6-855D-4C1C-87CE-3D648ECF0FDF}.Release|Any CPU.Build.0 = Release|Any CPU
		{2F83910F-D8FC-47AA-B307-CE199FEDFBA0}.Debug|Any CPU.ActiveCfg = Debug|Any CPU
		{2F83910F-D8FC-47AA-B307-CE199FEDFBA0}.Debug|Any CPU.Build.0 = Debug|Any CPU
		{2F83910F-D8FC-47AA-B307-CE199FEDFBA0}.Release|Any CPU.ActiveCfg = Release|Any CPU
		{2F83910F-D8FC-47AA-B307-CE199FEDFBA0}.Release|Any CPU.Build.0 = Release|Any CPU
		{A8D97D1D-242E-4AAE-AF27-8598EECC3764}.Debug|Any CPU.ActiveCfg = Debug|Any CPU
		{A8D97D1D-242E-4AAE-AF27-8598EECC3764}.Debug|Any CPU.Build.0 = Debug|Any CPU
		{A8D97D1D-242E-4AAE-AF27-8598EECC3764}.Release|Any CPU.ActiveCfg = Release|Any CPU
		{A8D97D1D-242E-4AAE-AF27-8598EECC3764}.Release|Any CPU.Build.0 = Release|Any CPU
		{7E855D83-1FA5-4EC8-8EDD-7750311EBF92}.Debug|Any CPU.ActiveCfg = Debug|Any CPU
		{7E855D83-1FA5-4EC8-8EDD-7750311EBF92}.Debug|Any CPU.Build.0 = Debug|Any CPU
		{7E855D83-1FA5-4EC8-8EDD-7750311EBF92}.Release|Any CPU.ActiveCfg = Release|Any CPU
		{7E855D83-1FA5-4EC8-8EDD-7750311EBF92}.Release|Any CPU.Build.0 = Release|Any CPU
		{66F00889-405D-4AFE-92A3-EEF2F067466E}.Debug|Any CPU.ActiveCfg = Debug|Any CPU
		{66F00889-405D-4AFE-92A3-EEF2F067466E}.Debug|Any CPU.Build.0 = Debug|Any CPU
		{66F00889-405D-4AFE-92A3-EEF2F067466E}.Release|Any CPU.ActiveCfg = Release|Any CPU
		{66F00889-405D-4AFE-92A3-EEF2F067466E}.Release|Any CPU.Build.0 = Release|Any CPU
		{A6A326E0-9D8B-402B-9B8E-858505D7FCA8}.Debug|Any CPU.ActiveCfg = Debug|Any CPU
		{A6A326E0-9D8B-402B-9B8E-858505D7FCA8}.Debug|Any CPU.Build.0 = Debug|Any CPU
		{A6A326E0-9D8B-402B-9B8E-858505D7FCA8}.Release|Any CPU.ActiveCfg = Release|Any CPU
		{A6A326E0-9D8B-402B-9B8E-858505D7FCA8}.Release|Any CPU.Build.0 = Release|Any CPU
		{F04DAAC4-0864-43CF-A6AA-3E45AD343426}.Debug|Any CPU.ActiveCfg = Debug|Any CPU
		{F04DAAC4-0864-43CF-A6AA-3E45AD343426}.Debug|Any CPU.Build.0 = Debug|Any CPU
		{F04DAAC4-0864-43CF-A6AA-3E45AD343426}.Release|Any CPU.ActiveCfg = Release|Any CPU
		{F04DAAC4-0864-43CF-A6AA-3E45AD343426}.Release|Any CPU.Build.0 = Release|Any CPU
		{BDCB007F-395A-449D-A046-0C3FDE0D6483}.Debug|Any CPU.ActiveCfg = Debug|Any CPU
		{BDCB007F-395A-449D-A046-0C3FDE0D6483}.Debug|Any CPU.Build.0 = Debug|Any CPU
		{BDCB007F-395A-449D-A046-0C3FDE0D6483}.Release|Any CPU.ActiveCfg = Release|Any CPU
		{BDCB007F-395A-449D-A046-0C3FDE0D6483}.Release|Any CPU.Build.0 = Release|Any CPU
		{3CF1CDA3-0B02-47E8-A646-45A6AA615793}.Debug|Any CPU.ActiveCfg = Debug|Any CPU
		{3CF1CDA3-0B02-47E8-A646-45A6AA615793}.Debug|Any CPU.Build.0 = Debug|Any CPU
		{3CF1CDA3-0B02-47E8-A646-45A6AA615793}.Release|Any CPU.ActiveCfg = Release|Any CPU
		{3CF1CDA3-0B02-47E8-A646-45A6AA615793}.Release|Any CPU.Build.0 = Release|Any CPU
		{4C46DC6E-87EA-4668-9893-17C535FDB9A8}.Debug|Any CPU.ActiveCfg = Debug|Any CPU
		{4C46DC6E-87EA-4668-9893-17C535FDB9A8}.Debug|Any CPU.Build.0 = Debug|Any CPU
		{4C46DC6E-87EA-4668-9893-17C535FDB9A8}.Release|Any CPU.ActiveCfg = Release|Any CPU
		{4C46DC6E-87EA-4668-9893-17C535FDB9A8}.Release|Any CPU.Build.0 = Release|Any CPU
		{0CB0A2D8-AB1B-41ED-A189-B6E500551F23}.Debug|Any CPU.ActiveCfg = Debug|Any CPU
		{0CB0A2D8-AB1B-41ED-A189-B6E500551F23}.Debug|Any CPU.Build.0 = Debug|Any CPU
		{0CB0A2D8-AB1B-41ED-A189-B6E500551F23}.Release|Any CPU.ActiveCfg = Release|Any CPU
		{0CB0A2D8-AB1B-41ED-A189-B6E500551F23}.Release|Any CPU.Build.0 = Release|Any CPU
		{1ADD772B-9D27-489E-B013-755E05F2BB91}.Debug|Any CPU.ActiveCfg = Debug|Any CPU
		{1ADD772B-9D27-489E-B013-755E05F2BB91}.Debug|Any CPU.Build.0 = Debug|Any CPU
		{1ADD772B-9D27-489E-B013-755E05F2BB91}.Release|Any CPU.ActiveCfg = Release|Any CPU
		{1ADD772B-9D27-489E-B013-755E05F2BB91}.Release|Any CPU.Build.0 = Release|Any CPU
		{E5D2D736-B065-4B37-B4BA-0C847B85C5E7}.Debug|Any CPU.ActiveCfg = Debug|Any CPU
		{E5D2D736-B065-4B37-B4BA-0C847B85C5E7}.Debug|Any CPU.Build.0 = Debug|Any CPU
		{E5D2D736-B065-4B37-B4BA-0C847B85C5E7}.Release|Any CPU.ActiveCfg = Release|Any CPU
		{E5D2D736-B065-4B37-B4BA-0C847B85C5E7}.Release|Any CPU.Build.0 = Release|Any CPU
	EndGlobalSection
	GlobalSection(SolutionProperties) = preSolution
		HideSolutionNode = FALSE
	EndGlobalSection
EndGlobal
