
Microsoft Visual Studio Solution File, Format Version 12.00
# Visual Studio 14
VisualStudioVersion = 14.0.23107.0
MinimumVisualStudioVersion = 10.0.40219.1
Project("{FAE04EC0-301F-11D3-BF4B-00C04F79EFBC}") = "01Formatting", "Formatting\01Formatting.csproj", "{915D4588-D758-4066-A717-25483A0E4306}"
EndProject
Project("{FAE04EC0-301F-11D3-BF4B-00C04F79EFBC}") = "02MyOwnCode", "MyOwnCode\02MyOwnCode.csproj", "{DF8B7B53-C9D1-4904-967C-9F99B067A2A0}"
EndProject
Global
	GlobalSection(SolutionConfigurationPlatforms) = preSolution
		Debug|Any CPU = Debug|Any CPU
		Release|Any CPU = Release|Any CPU
	EndGlobalSection
	GlobalSection(ProjectConfigurationPlatforms) = postSolution
		{915D4588-D758-4066-A717-25483A0E4306}.Debug|Any CPU.ActiveCfg = Debug|Any CPU
		{915D4588-D758-4066-A717-25483A0E4306}.Debug|Any CPU.Build.0 = Debug|Any CPU
		{915D4588-D758-4066-A717-25483A0E4306}.Release|Any CPU.ActiveCfg = Release|Any CPU
		{915D4588-D758-4066-A717-25483A0E4306}.Release|Any CPU.Build.0 = Release|Any CPU
		{DF8B7B53-C9D1-4904-967C-9F99B067A2A0}.Debug|Any CPU.ActiveCfg = Debug|Any CPU
		{DF8B7B53-C9D1-4904-967C-9F99B067A2A0}.Debug|Any CPU.Build.0 = Debug|Any CPU
		{DF8B7B53-C9D1-4904-967C-9F99B067A2A0}.Release|Any CPU.ActiveCfg = Release|Any CPU
		{DF8B7B53-C9D1-4904-967C-9F99B067A2A0}.Release|Any CPU.Build.0 = Release|Any CPU
	EndGlobalSection
	GlobalSection(SolutionProperties) = preSolution
		HideSolutionNode = FALSE
	EndGlobalSection
EndGlobal
