
Microsoft Visual Studio Solution File, Format Version 12.00
# Visual Studio 2013
VisualStudioVersion = 12.0.31101.0
MinimumVisualStudioVersion = 10.0.40219.1
Project("{FAE04EC0-301F-11D3-BF4B-00C04F79EFBC}") = "Answer01", "CSharpAdvanced\Answer01.csproj", "{A61EACB6-B4A9-4928-A09B-A45345070098}"
EndProject
Project("{FAE04EC0-301F-11D3-BF4B-00C04F79EFBC}") = "Answer02", "Answer02\Answer02.csproj", "{A64AB23B-D008-4BBD-B8ED-4369F4E37447}"
EndProject
Project("{FAE04EC0-301F-11D3-BF4B-00C04F79EFBC}") = "Answer03", "Answer03\Answer03.csproj", "{159DAAB7-C50A-4D48-B72D-28A85D5D57F0}"
EndProject
Project("{FAE04EC0-301F-11D3-BF4B-00C04F79EFBC}") = "Answer04", "Answer04\Answer04.csproj", "{17EE4EAB-F864-4E2B-BCBB-C8F2E5E62779}"
EndProject
Project("{FAE04EC0-301F-11D3-BF4B-00C04F79EFBC}") = "Answer05", "Answer05\Answer05.csproj", "{7CE07353-8476-414C-931B-2F8F05687716}"
EndProject
Project("{FAE04EC0-301F-11D3-BF4B-00C04F79EFBC}") = "Answer06", "Answer06\Answer06.csproj", "{2BEF28B9-9772-4E34-8DCB-4C3E221542B3}"
EndProject
Project("{FAE04EC0-301F-11D3-BF4B-00C04F79EFBC}") = "Answer07", "Answer07\Answer07.csproj", "{43939DA7-C0F2-413E-B31B-9CB0CCD70619}"
EndProject
Project("{FAE04EC0-301F-11D3-BF4B-00C04F79EFBC}") = "Answer08", "Answer08\Answer08.csproj", "{9BA59B17-8A1F-44A7-A45F-AA8CD74FF86F}"
EndProject
Project("{FAE04EC0-301F-11D3-BF4B-00C04F79EFBC}") = "Answer09", "Answer09\Answer09.csproj", "{5BC38C85-2BDA-4BDF-B0B1-A5DFD939167B}"
EndProject
Project("{FAE04EC0-301F-11D3-BF4B-00C04F79EFBC}") = "Answer10", "Answer10\Answer10.csproj", "{CE803349-B1F1-4C48-9668-44F4AC43718C}"
EndProject
Project("{FAE04EC0-301F-11D3-BF4B-00C04F79EFBC}") = "Answer11", "Answer11\Answer11.csproj", "{3BF7BC08-BAB1-4937-83B6-C5F66DF98B62}"
EndProject
Project("{FAE04EC0-301F-11D3-BF4B-00C04F79EFBC}") = "Answer12", "Answe12\Answer12.csproj", "{10A649D9-7169-4990-9F06-815912C256EC}"
EndProject
Project("{FAE04EC0-301F-11D3-BF4B-00C04F79EFBC}") = "Answer13", "Answer13\Answer13.csproj", "{518035A8-362B-4554-AADB-B1BBF162D40A}"
EndProject
Project("{FAE04EC0-301F-11D3-BF4B-00C04F79EFBC}") = "Answer14", "Answer14\Answer14.csproj", "{5C02CD8E-9D5A-430A-B9C1-18262537583D}"
EndProject
Project("{FAE04EC0-301F-11D3-BF4B-00C04F79EFBC}") = "Answer15", "Answer15\Answer15.csproj", "{BD1BD76B-0AC4-476A-B2EA-99729C760B80}"
EndProject
Project("{FAE04EC0-301F-11D3-BF4B-00C04F79EFBC}") = "Answer16", "Answer16\Answer16.csproj", "{E9D5D403-05EF-4F72-9757-46D555DC362A}"
EndProject
Project("{FAE04EC0-301F-11D3-BF4B-00C04F79EFBC}") = "Answer17", "Answer17\Answer17.csproj", "{8E2C083F-E948-4E9C-A87F-5C8B410AA70B}"
EndProject
Project("{FAE04EC0-301F-11D3-BF4B-00C04F79EFBC}") = "Answer18", "Answer18\Answer18.csproj", "{3CE8CF01-1A6D-46FD-977D-90861CEE9E6A}"
EndProject
Project("{FAE04EC0-301F-11D3-BF4B-00C04F79EFBC}") = "Answer19", "Answer19\Answer19.csproj", "{DD8879C6-5732-4E64-8FC1-CE88D9CE6460}"
EndProject
Project("{FAE04EC0-301F-11D3-BF4B-00C04F79EFBC}") = "Answer20", "Answer20\Answer20.csproj", "{2CF007CA-DE2E-47CC-9854-0A2785075A90}"
EndProject
Project("{FAE04EC0-301F-11D3-BF4B-00C04F79EFBC}") = "Answer21", "Answer21\Answer21.csproj", "{2C66319D-4228-4669-9C39-C2029EEB174F}"
EndProject
Project("{FAE04EC0-301F-11D3-BF4B-00C04F79EFBC}") = "Problem3Loop", "demo123\Problem3Loop.csproj", "{DD5AD5A5-C09A-453C-9E31-3D8549144642}"
EndProject
Project("{FAE04EC0-301F-11D3-BF4B-00C04F79EFBC}") = "demo1234", "demo1234\demo1234.csproj", "{E0F2A756-5B6A-4B8E-8D8A-983273EFE189}"
EndProject
Project("{FAE04EC0-301F-11D3-BF4B-00C04F79EFBC}") = "exam", "looptrough\exam.csproj", "{1C95B1CC-066A-44B1-9CB9-73B4E39E1A6F}"
EndProject
Global
	GlobalSection(SolutionConfigurationPlatforms) = preSolution
		Debug|Any CPU = Debug|Any CPU
		Release|Any CPU = Release|Any CPU
	EndGlobalSection
	GlobalSection(ProjectConfigurationPlatforms) = postSolution
		{A61EACB6-B4A9-4928-A09B-A45345070098}.Debug|Any CPU.ActiveCfg = Debug|Any CPU
		{A61EACB6-B4A9-4928-A09B-A45345070098}.Debug|Any CPU.Build.0 = Debug|Any CPU
		{A61EACB6-B4A9-4928-A09B-A45345070098}.Release|Any CPU.ActiveCfg = Release|Any CPU
		{A61EACB6-B4A9-4928-A09B-A45345070098}.Release|Any CPU.Build.0 = Release|Any CPU
		{A64AB23B-D008-4BBD-B8ED-4369F4E37447}.Debug|Any CPU.ActiveCfg = Debug|Any CPU
		{A64AB23B-D008-4BBD-B8ED-4369F4E37447}.Debug|Any CPU.Build.0 = Debug|Any CPU
		{A64AB23B-D008-4BBD-B8ED-4369F4E37447}.Release|Any CPU.ActiveCfg = Release|Any CPU
		{A64AB23B-D008-4BBD-B8ED-4369F4E37447}.Release|Any CPU.Build.0 = Release|Any CPU
		{159DAAB7-C50A-4D48-B72D-28A85D5D57F0}.Debug|Any CPU.ActiveCfg = Debug|Any CPU
		{159DAAB7-C50A-4D48-B72D-28A85D5D57F0}.Debug|Any CPU.Build.0 = Debug|Any CPU
		{159DAAB7-C50A-4D48-B72D-28A85D5D57F0}.Release|Any CPU.ActiveCfg = Release|Any CPU
		{159DAAB7-C50A-4D48-B72D-28A85D5D57F0}.Release|Any CPU.Build.0 = Release|Any CPU
		{17EE4EAB-F864-4E2B-BCBB-C8F2E5E62779}.Debug|Any CPU.ActiveCfg = Debug|Any CPU
		{17EE4EAB-F864-4E2B-BCBB-C8F2E5E62779}.Debug|Any CPU.Build.0 = Debug|Any CPU
		{17EE4EAB-F864-4E2B-BCBB-C8F2E5E62779}.Release|Any CPU.ActiveCfg = Release|Any CPU
		{17EE4EAB-F864-4E2B-BCBB-C8F2E5E62779}.Release|Any CPU.Build.0 = Release|Any CPU
		{7CE07353-8476-414C-931B-2F8F05687716}.Debug|Any CPU.ActiveCfg = Debug|Any CPU
		{7CE07353-8476-414C-931B-2F8F05687716}.Debug|Any CPU.Build.0 = Debug|Any CPU
		{7CE07353-8476-414C-931B-2F8F05687716}.Release|Any CPU.ActiveCfg = Release|Any CPU
		{7CE07353-8476-414C-931B-2F8F05687716}.Release|Any CPU.Build.0 = Release|Any CPU
		{2BEF28B9-9772-4E34-8DCB-4C3E221542B3}.Debug|Any CPU.ActiveCfg = Debug|Any CPU
		{2BEF28B9-9772-4E34-8DCB-4C3E221542B3}.Debug|Any CPU.Build.0 = Debug|Any CPU
		{2BEF28B9-9772-4E34-8DCB-4C3E221542B3}.Release|Any CPU.ActiveCfg = Release|Any CPU
		{2BEF28B9-9772-4E34-8DCB-4C3E221542B3}.Release|Any CPU.Build.0 = Release|Any CPU
		{43939DA7-C0F2-413E-B31B-9CB0CCD70619}.Debug|Any CPU.ActiveCfg = Debug|Any CPU
		{43939DA7-C0F2-413E-B31B-9CB0CCD70619}.Debug|Any CPU.Build.0 = Debug|Any CPU
		{43939DA7-C0F2-413E-B31B-9CB0CCD70619}.Release|Any CPU.ActiveCfg = Release|Any CPU
		{43939DA7-C0F2-413E-B31B-9CB0CCD70619}.Release|Any CPU.Build.0 = Release|Any CPU
		{9BA59B17-8A1F-44A7-A45F-AA8CD74FF86F}.Debug|Any CPU.ActiveCfg = Debug|Any CPU
		{9BA59B17-8A1F-44A7-A45F-AA8CD74FF86F}.Debug|Any CPU.Build.0 = Debug|Any CPU
		{9BA59B17-8A1F-44A7-A45F-AA8CD74FF86F}.Release|Any CPU.ActiveCfg = Release|Any CPU
		{9BA59B17-8A1F-44A7-A45F-AA8CD74FF86F}.Release|Any CPU.Build.0 = Release|Any CPU
		{5BC38C85-2BDA-4BDF-B0B1-A5DFD939167B}.Debug|Any CPU.ActiveCfg = Debug|Any CPU
		{5BC38C85-2BDA-4BDF-B0B1-A5DFD939167B}.Debug|Any CPU.Build.0 = Debug|Any CPU
		{5BC38C85-2BDA-4BDF-B0B1-A5DFD939167B}.Release|Any CPU.ActiveCfg = Release|Any CPU
		{5BC38C85-2BDA-4BDF-B0B1-A5DFD939167B}.Release|Any CPU.Build.0 = Release|Any CPU
		{CE803349-B1F1-4C48-9668-44F4AC43718C}.Debug|Any CPU.ActiveCfg = Debug|Any CPU
		{CE803349-B1F1-4C48-9668-44F4AC43718C}.Debug|Any CPU.Build.0 = Debug|Any CPU
		{CE803349-B1F1-4C48-9668-44F4AC43718C}.Release|Any CPU.ActiveCfg = Release|Any CPU
		{CE803349-B1F1-4C48-9668-44F4AC43718C}.Release|Any CPU.Build.0 = Release|Any CPU
		{3BF7BC08-BAB1-4937-83B6-C5F66DF98B62}.Debug|Any CPU.ActiveCfg = Debug|Any CPU
		{3BF7BC08-BAB1-4937-83B6-C5F66DF98B62}.Debug|Any CPU.Build.0 = Debug|Any CPU
		{3BF7BC08-BAB1-4937-83B6-C5F66DF98B62}.Release|Any CPU.ActiveCfg = Release|Any CPU
		{3BF7BC08-BAB1-4937-83B6-C5F66DF98B62}.Release|Any CPU.Build.0 = Release|Any CPU
		{10A649D9-7169-4990-9F06-815912C256EC}.Debug|Any CPU.ActiveCfg = Debug|Any CPU
		{10A649D9-7169-4990-9F06-815912C256EC}.Debug|Any CPU.Build.0 = Debug|Any CPU
		{10A649D9-7169-4990-9F06-815912C256EC}.Release|Any CPU.ActiveCfg = Release|Any CPU
		{10A649D9-7169-4990-9F06-815912C256EC}.Release|Any CPU.Build.0 = Release|Any CPU
		{518035A8-362B-4554-AADB-B1BBF162D40A}.Debug|Any CPU.ActiveCfg = Debug|Any CPU
		{518035A8-362B-4554-AADB-B1BBF162D40A}.Debug|Any CPU.Build.0 = Debug|Any CPU
		{518035A8-362B-4554-AADB-B1BBF162D40A}.Release|Any CPU.ActiveCfg = Release|Any CPU
		{518035A8-362B-4554-AADB-B1BBF162D40A}.Release|Any CPU.Build.0 = Release|Any CPU
		{5C02CD8E-9D5A-430A-B9C1-18262537583D}.Debug|Any CPU.ActiveCfg = Debug|Any CPU
		{5C02CD8E-9D5A-430A-B9C1-18262537583D}.Debug|Any CPU.Build.0 = Debug|Any CPU
		{5C02CD8E-9D5A-430A-B9C1-18262537583D}.Release|Any CPU.ActiveCfg = Release|Any CPU
		{5C02CD8E-9D5A-430A-B9C1-18262537583D}.Release|Any CPU.Build.0 = Release|Any CPU
		{BD1BD76B-0AC4-476A-B2EA-99729C760B80}.Debug|Any CPU.ActiveCfg = Debug|Any CPU
		{BD1BD76B-0AC4-476A-B2EA-99729C760B80}.Debug|Any CPU.Build.0 = Debug|Any CPU
		{BD1BD76B-0AC4-476A-B2EA-99729C760B80}.Release|Any CPU.ActiveCfg = Release|Any CPU
		{BD1BD76B-0AC4-476A-B2EA-99729C760B80}.Release|Any CPU.Build.0 = Release|Any CPU
		{E9D5D403-05EF-4F72-9757-46D555DC362A}.Debug|Any CPU.ActiveCfg = Debug|Any CPU
		{E9D5D403-05EF-4F72-9757-46D555DC362A}.Debug|Any CPU.Build.0 = Debug|Any CPU
		{E9D5D403-05EF-4F72-9757-46D555DC362A}.Release|Any CPU.ActiveCfg = Release|Any CPU
		{E9D5D403-05EF-4F72-9757-46D555DC362A}.Release|Any CPU.Build.0 = Release|Any CPU
		{8E2C083F-E948-4E9C-A87F-5C8B410AA70B}.Debug|Any CPU.ActiveCfg = Debug|Any CPU
		{8E2C083F-E948-4E9C-A87F-5C8B410AA70B}.Debug|Any CPU.Build.0 = Debug|Any CPU
		{8E2C083F-E948-4E9C-A87F-5C8B410AA70B}.Release|Any CPU.ActiveCfg = Release|Any CPU
		{8E2C083F-E948-4E9C-A87F-5C8B410AA70B}.Release|Any CPU.Build.0 = Release|Any CPU
		{3CE8CF01-1A6D-46FD-977D-90861CEE9E6A}.Debug|Any CPU.ActiveCfg = Debug|Any CPU
		{3CE8CF01-1A6D-46FD-977D-90861CEE9E6A}.Debug|Any CPU.Build.0 = Debug|Any CPU
		{3CE8CF01-1A6D-46FD-977D-90861CEE9E6A}.Release|Any CPU.ActiveCfg = Release|Any CPU
		{3CE8CF01-1A6D-46FD-977D-90861CEE9E6A}.Release|Any CPU.Build.0 = Release|Any CPU
		{DD8879C6-5732-4E64-8FC1-CE88D9CE6460}.Debug|Any CPU.ActiveCfg = Debug|Any CPU
		{DD8879C6-5732-4E64-8FC1-CE88D9CE6460}.Debug|Any CPU.Build.0 = Debug|Any CPU
		{DD8879C6-5732-4E64-8FC1-CE88D9CE6460}.Release|Any CPU.ActiveCfg = Release|Any CPU
		{DD8879C6-5732-4E64-8FC1-CE88D9CE6460}.Release|Any CPU.Build.0 = Release|Any CPU
		{2CF007CA-DE2E-47CC-9854-0A2785075A90}.Debug|Any CPU.ActiveCfg = Debug|Any CPU
		{2CF007CA-DE2E-47CC-9854-0A2785075A90}.Debug|Any CPU.Build.0 = Debug|Any CPU
		{2CF007CA-DE2E-47CC-9854-0A2785075A90}.Release|Any CPU.ActiveCfg = Release|Any CPU
		{2CF007CA-DE2E-47CC-9854-0A2785075A90}.Release|Any CPU.Build.0 = Release|Any CPU
		{2C66319D-4228-4669-9C39-C2029EEB174F}.Debug|Any CPU.ActiveCfg = Debug|Any CPU
		{2C66319D-4228-4669-9C39-C2029EEB174F}.Debug|Any CPU.Build.0 = Debug|Any CPU
		{2C66319D-4228-4669-9C39-C2029EEB174F}.Release|Any CPU.ActiveCfg = Release|Any CPU
		{2C66319D-4228-4669-9C39-C2029EEB174F}.Release|Any CPU.Build.0 = Release|Any CPU
		{DD5AD5A5-C09A-453C-9E31-3D8549144642}.Debug|Any CPU.ActiveCfg = Debug|Any CPU
		{DD5AD5A5-C09A-453C-9E31-3D8549144642}.Debug|Any CPU.Build.0 = Debug|Any CPU
		{DD5AD5A5-C09A-453C-9E31-3D8549144642}.Release|Any CPU.ActiveCfg = Release|Any CPU
		{DD5AD5A5-C09A-453C-9E31-3D8549144642}.Release|Any CPU.Build.0 = Release|Any CPU
		{E0F2A756-5B6A-4B8E-8D8A-983273EFE189}.Debug|Any CPU.ActiveCfg = Debug|Any CPU
		{E0F2A756-5B6A-4B8E-8D8A-983273EFE189}.Debug|Any CPU.Build.0 = Debug|Any CPU
		{E0F2A756-5B6A-4B8E-8D8A-983273EFE189}.Release|Any CPU.ActiveCfg = Release|Any CPU
		{E0F2A756-5B6A-4B8E-8D8A-983273EFE189}.Release|Any CPU.Build.0 = Release|Any CPU
		{1C95B1CC-066A-44B1-9CB9-73B4E39E1A6F}.Debug|Any CPU.ActiveCfg = Debug|Any CPU
		{1C95B1CC-066A-44B1-9CB9-73B4E39E1A6F}.Debug|Any CPU.Build.0 = Debug|Any CPU
		{1C95B1CC-066A-44B1-9CB9-73B4E39E1A6F}.Release|Any CPU.ActiveCfg = Release|Any CPU
		{1C95B1CC-066A-44B1-9CB9-73B4E39E1A6F}.Release|Any CPU.Build.0 = Release|Any CPU
	EndGlobalSection
	GlobalSection(SolutionProperties) = preSolution
		HideSolutionNode = FALSE
	EndGlobalSection
EndGlobal
