
Microsoft Visual Studio Solution File, Format Version 12.00
# Visual Studio 2013
VisualStudioVersion = 12.0.31101.0
MinimumVisualStudioVersion = 10.0.40219.1
Project("{FAE04EC0-301F-11D3-BF4B-00C04F79EFBC}") = "Answer01", "Loops\Answer01.csproj", "{14E79FA3-9B00-4EEA-A183-F01EC304B05E}"
EndProject
Project("{FAE04EC0-301F-11D3-BF4B-00C04F79EFBC}") = "Answer02", "Answer02\Answer02.csproj", "{72BF3559-8246-4CE8-9710-FB2808280A2D}"
EndProject
Project("{FAE04EC0-301F-11D3-BF4B-00C04F79EFBC}") = "Answer03", "Answer03\Answer03.csproj", "{CB089832-66AE-4636-A5E3-A0E03DC525C3}"
EndProject
Project("{FAE04EC0-301F-11D3-BF4B-00C04F79EFBC}") = "Answer04", "Answer04\Answer04.csproj", "{6566E95A-F96B-4E44-A4C7-400C7086F678}"
EndProject
Project("{FAE04EC0-301F-11D3-BF4B-00C04F79EFBC}") = "Answer05", "Answer05\Answer05.csproj", "{EC96243E-ECD3-49FC-B723-177C8458B080}"
EndProject
Project("{FAE04EC0-301F-11D3-BF4B-00C04F79EFBC}") = "Answer06", "Answer06\Answer06.csproj", "{46F9644C-3378-4365-B572-764DDDFB8DDF}"
EndProject
Project("{FAE04EC0-301F-11D3-BF4B-00C04F79EFBC}") = "Answer07", "Answe07\Answer07.csproj", "{134A24FC-4FDD-491D-B213-DA766D0FBB20}"
EndProject
Project("{FAE04EC0-301F-11D3-BF4B-00C04F79EFBC}") = "Answer08", "Answer08\Answer08.csproj", "{24472EF5-F8C6-4BCD-B2FA-DF6FC5BEF3A6}"
EndProject
Project("{FAE04EC0-301F-11D3-BF4B-00C04F79EFBC}") = "Answer09", "Answer09\Answer09.csproj", "{3E51A4DD-C983-439F-BFB3-15789523CCD6}"
EndProject
Project("{FAE04EC0-301F-11D3-BF4B-00C04F79EFBC}") = "Answer10", "Answer10\Answer10.csproj", "{6552BE96-2561-4887-B2A1-8FA741B6B40C}"
EndProject
Project("{FAE04EC0-301F-11D3-BF4B-00C04F79EFBC}") = "Answer11", "Answer11\Answer11.csproj", "{977C9E3E-26E1-4106-977A-EE349E3E258D}"
EndProject
Project("{FAE04EC0-301F-11D3-BF4B-00C04F79EFBC}") = "Answer12", "Answer12\Answer12.csproj", "{49714593-95C4-463E-89F5-51D10452C513}"
EndProject
Project("{FAE04EC0-301F-11D3-BF4B-00C04F79EFBC}") = "Answer13", "Answer13\Answer13.csproj", "{5084D0BD-EED2-4B1E-A8F8-49D829789375}"
EndProject
Project("{FAE04EC0-301F-11D3-BF4B-00C04F79EFBC}") = "Answer14", "Answer14\Answer14.csproj", "{0284302F-E009-4D51-AAA1-57418CDE123B}"
EndProject
Project("{FAE04EC0-301F-11D3-BF4B-00C04F79EFBC}") = "Answer15", "Answer15\Answer15.csproj", "{7C923051-E5EF-4325-ABA3-E926A4B47CBA}"
EndProject
Project("{FAE04EC0-301F-11D3-BF4B-00C04F79EFBC}") = "Answer16", "Answer16\Answer16.csproj", "{C6A0E660-7CD8-42B9-B647-5266848B777C}"
EndProject
Project("{FAE04EC0-301F-11D3-BF4B-00C04F79EFBC}") = "Answer17", "Answer17\Answer17.csproj", "{C210D0AB-C351-41A9-8BFB-6A1D4DA23C84}"
EndProject
Project("{FAE04EC0-301F-11D3-BF4B-00C04F79EFBC}") = "Answer18", "Answer18\Answer18.csproj", "{E2A8DA1F-DE56-4224-97F0-3DD2B0BC8FD6}"
EndProject
Project("{FAE04EC0-301F-11D3-BF4B-00C04F79EFBC}") = "Answer19", "Answer19\Answer19.csproj", "{8BFA6BF2-516E-4C39-8B1F-D89766BB7B94}"
EndProject
Project("{FAE04EC0-301F-11D3-BF4B-00C04F79EFBC}") = "Answer20", "Answer20\Answer20.csproj", "{7781952B-D82B-4421-B23E-95D32B555285}"
EndProject
Project("{FAE04EC0-301F-11D3-BF4B-00C04F79EFBC}") = "Answer21", "Answer21\Answer21.csproj", "{4DE27BB1-09EE-4210-9376-755090A5A05C}"
EndProject
Project("{FAE04EC0-301F-11D3-BF4B-00C04F79EFBC}") = "Answer22", "Answer22\Answer22.csproj", "{21404570-FC39-4C5C-A5CA-6B09DC1FA786}"
EndProject
Project("{FAE04EC0-301F-11D3-BF4B-00C04F79EFBC}") = "Answer23", "answer23\Answer23.csproj", "{F505A6E1-503C-4955-A326-A8388E88A3C5}"
EndProject
Project("{FAE04EC0-301F-11D3-BF4B-00C04F79EFBC}") = "Answer24", "Answer24\Answer24.csproj", "{31AB5623-55DF-48A7-A9A6-625B5A9CEE01}"
EndProject
Global
	GlobalSection(SolutionConfigurationPlatforms) = preSolution
		Debug|Any CPU = Debug|Any CPU
		Release|Any CPU = Release|Any CPU
	EndGlobalSection
	GlobalSection(ProjectConfigurationPlatforms) = postSolution
		{14E79FA3-9B00-4EEA-A183-F01EC304B05E}.Debug|Any CPU.ActiveCfg = Debug|Any CPU
		{14E79FA3-9B00-4EEA-A183-F01EC304B05E}.Debug|Any CPU.Build.0 = Debug|Any CPU
		{14E79FA3-9B00-4EEA-A183-F01EC304B05E}.Release|Any CPU.ActiveCfg = Release|Any CPU
		{14E79FA3-9B00-4EEA-A183-F01EC304B05E}.Release|Any CPU.Build.0 = Release|Any CPU
		{72BF3559-8246-4CE8-9710-FB2808280A2D}.Debug|Any CPU.ActiveCfg = Debug|Any CPU
		{72BF3559-8246-4CE8-9710-FB2808280A2D}.Debug|Any CPU.Build.0 = Debug|Any CPU
		{72BF3559-8246-4CE8-9710-FB2808280A2D}.Release|Any CPU.ActiveCfg = Release|Any CPU
		{72BF3559-8246-4CE8-9710-FB2808280A2D}.Release|Any CPU.Build.0 = Release|Any CPU
		{CB089832-66AE-4636-A5E3-A0E03DC525C3}.Debug|Any CPU.ActiveCfg = Debug|Any CPU
		{CB089832-66AE-4636-A5E3-A0E03DC525C3}.Debug|Any CPU.Build.0 = Debug|Any CPU
		{CB089832-66AE-4636-A5E3-A0E03DC525C3}.Release|Any CPU.ActiveCfg = Release|Any CPU
		{CB089832-66AE-4636-A5E3-A0E03DC525C3}.Release|Any CPU.Build.0 = Release|Any CPU
		{6566E95A-F96B-4E44-A4C7-400C7086F678}.Debug|Any CPU.ActiveCfg = Debug|Any CPU
		{6566E95A-F96B-4E44-A4C7-400C7086F678}.Debug|Any CPU.Build.0 = Debug|Any CPU
		{6566E95A-F96B-4E44-A4C7-400C7086F678}.Release|Any CPU.ActiveCfg = Release|Any CPU
		{6566E95A-F96B-4E44-A4C7-400C7086F678}.Release|Any CPU.Build.0 = Release|Any CPU
		{EC96243E-ECD3-49FC-B723-177C8458B080}.Debug|Any CPU.ActiveCfg = Debug|Any CPU
		{EC96243E-ECD3-49FC-B723-177C8458B080}.Debug|Any CPU.Build.0 = Debug|Any CPU
		{EC96243E-ECD3-49FC-B723-177C8458B080}.Release|Any CPU.ActiveCfg = Release|Any CPU
		{EC96243E-ECD3-49FC-B723-177C8458B080}.Release|Any CPU.Build.0 = Release|Any CPU
		{46F9644C-3378-4365-B572-764DDDFB8DDF}.Debug|Any CPU.ActiveCfg = Debug|Any CPU
		{46F9644C-3378-4365-B572-764DDDFB8DDF}.Debug|Any CPU.Build.0 = Debug|Any CPU
		{46F9644C-3378-4365-B572-764DDDFB8DDF}.Release|Any CPU.ActiveCfg = Release|Any CPU
		{46F9644C-3378-4365-B572-764DDDFB8DDF}.Release|Any CPU.Build.0 = Release|Any CPU
		{134A24FC-4FDD-491D-B213-DA766D0FBB20}.Debug|Any CPU.ActiveCfg = Debug|Any CPU
		{134A24FC-4FDD-491D-B213-DA766D0FBB20}.Debug|Any CPU.Build.0 = Debug|Any CPU
		{134A24FC-4FDD-491D-B213-DA766D0FBB20}.Release|Any CPU.ActiveCfg = Release|Any CPU
		{134A24FC-4FDD-491D-B213-DA766D0FBB20}.Release|Any CPU.Build.0 = Release|Any CPU
		{24472EF5-F8C6-4BCD-B2FA-DF6FC5BEF3A6}.Debug|Any CPU.ActiveCfg = Debug|Any CPU
		{24472EF5-F8C6-4BCD-B2FA-DF6FC5BEF3A6}.Debug|Any CPU.Build.0 = Debug|Any CPU
		{24472EF5-F8C6-4BCD-B2FA-DF6FC5BEF3A6}.Release|Any CPU.ActiveCfg = Release|Any CPU
		{24472EF5-F8C6-4BCD-B2FA-DF6FC5BEF3A6}.Release|Any CPU.Build.0 = Release|Any CPU
		{3E51A4DD-C983-439F-BFB3-15789523CCD6}.Debug|Any CPU.ActiveCfg = Debug|Any CPU
		{3E51A4DD-C983-439F-BFB3-15789523CCD6}.Debug|Any CPU.Build.0 = Debug|Any CPU
		{3E51A4DD-C983-439F-BFB3-15789523CCD6}.Release|Any CPU.ActiveCfg = Release|Any CPU
		{3E51A4DD-C983-439F-BFB3-15789523CCD6}.Release|Any CPU.Build.0 = Release|Any CPU
		{6552BE96-2561-4887-B2A1-8FA741B6B40C}.Debug|Any CPU.ActiveCfg = Debug|Any CPU
		{6552BE96-2561-4887-B2A1-8FA741B6B40C}.Debug|Any CPU.Build.0 = Debug|Any CPU
		{6552BE96-2561-4887-B2A1-8FA741B6B40C}.Release|Any CPU.ActiveCfg = Release|Any CPU
		{6552BE96-2561-4887-B2A1-8FA741B6B40C}.Release|Any CPU.Build.0 = Release|Any CPU
		{977C9E3E-26E1-4106-977A-EE349E3E258D}.Debug|Any CPU.ActiveCfg = Debug|Any CPU
		{977C9E3E-26E1-4106-977A-EE349E3E258D}.Debug|Any CPU.Build.0 = Debug|Any CPU
		{977C9E3E-26E1-4106-977A-EE349E3E258D}.Release|Any CPU.ActiveCfg = Release|Any CPU
		{977C9E3E-26E1-4106-977A-EE349E3E258D}.Release|Any CPU.Build.0 = Release|Any CPU
		{49714593-95C4-463E-89F5-51D10452C513}.Debug|Any CPU.ActiveCfg = Debug|Any CPU
		{49714593-95C4-463E-89F5-51D10452C513}.Debug|Any CPU.Build.0 = Debug|Any CPU
		{49714593-95C4-463E-89F5-51D10452C513}.Release|Any CPU.ActiveCfg = Release|Any CPU
		{49714593-95C4-463E-89F5-51D10452C513}.Release|Any CPU.Build.0 = Release|Any CPU
		{5084D0BD-EED2-4B1E-A8F8-49D829789375}.Debug|Any CPU.ActiveCfg = Debug|Any CPU
		{5084D0BD-EED2-4B1E-A8F8-49D829789375}.Debug|Any CPU.Build.0 = Debug|Any CPU
		{5084D0BD-EED2-4B1E-A8F8-49D829789375}.Release|Any CPU.ActiveCfg = Release|Any CPU
		{5084D0BD-EED2-4B1E-A8F8-49D829789375}.Release|Any CPU.Build.0 = Release|Any CPU
		{0284302F-E009-4D51-AAA1-57418CDE123B}.Debug|Any CPU.ActiveCfg = Debug|Any CPU
		{0284302F-E009-4D51-AAA1-57418CDE123B}.Debug|Any CPU.Build.0 = Debug|Any CPU
		{0284302F-E009-4D51-AAA1-57418CDE123B}.Release|Any CPU.ActiveCfg = Release|Any CPU
		{0284302F-E009-4D51-AAA1-57418CDE123B}.Release|Any CPU.Build.0 = Release|Any CPU
		{7C923051-E5EF-4325-ABA3-E926A4B47CBA}.Debug|Any CPU.ActiveCfg = Debug|Any CPU
		{7C923051-E5EF-4325-ABA3-E926A4B47CBA}.Debug|Any CPU.Build.0 = Debug|Any CPU
		{7C923051-E5EF-4325-ABA3-E926A4B47CBA}.Release|Any CPU.ActiveCfg = Release|Any CPU
		{7C923051-E5EF-4325-ABA3-E926A4B47CBA}.Release|Any CPU.Build.0 = Release|Any CPU
		{C6A0E660-7CD8-42B9-B647-5266848B777C}.Debug|Any CPU.ActiveCfg = Debug|Any CPU
		{C6A0E660-7CD8-42B9-B647-5266848B777C}.Debug|Any CPU.Build.0 = Debug|Any CPU
		{C6A0E660-7CD8-42B9-B647-5266848B777C}.Release|Any CPU.ActiveCfg = Release|Any CPU
		{C6A0E660-7CD8-42B9-B647-5266848B777C}.Release|Any CPU.Build.0 = Release|Any CPU
		{C210D0AB-C351-41A9-8BFB-6A1D4DA23C84}.Debug|Any CPU.ActiveCfg = Debug|Any CPU
		{C210D0AB-C351-41A9-8BFB-6A1D4DA23C84}.Debug|Any CPU.Build.0 = Debug|Any CPU
		{C210D0AB-C351-41A9-8BFB-6A1D4DA23C84}.Release|Any CPU.ActiveCfg = Release|Any CPU
		{C210D0AB-C351-41A9-8BFB-6A1D4DA23C84}.Release|Any CPU.Build.0 = Release|Any CPU
		{E2A8DA1F-DE56-4224-97F0-3DD2B0BC8FD6}.Debug|Any CPU.ActiveCfg = Debug|Any CPU
		{E2A8DA1F-DE56-4224-97F0-3DD2B0BC8FD6}.Debug|Any CPU.Build.0 = Debug|Any CPU
		{E2A8DA1F-DE56-4224-97F0-3DD2B0BC8FD6}.Release|Any CPU.ActiveCfg = Release|Any CPU
		{E2A8DA1F-DE56-4224-97F0-3DD2B0BC8FD6}.Release|Any CPU.Build.0 = Release|Any CPU
		{8BFA6BF2-516E-4C39-8B1F-D89766BB7B94}.Debug|Any CPU.ActiveCfg = Debug|Any CPU
		{8BFA6BF2-516E-4C39-8B1F-D89766BB7B94}.Debug|Any CPU.Build.0 = Debug|Any CPU
		{8BFA6BF2-516E-4C39-8B1F-D89766BB7B94}.Release|Any CPU.ActiveCfg = Release|Any CPU
		{8BFA6BF2-516E-4C39-8B1F-D89766BB7B94}.Release|Any CPU.Build.0 = Release|Any CPU
		{7781952B-D82B-4421-B23E-95D32B555285}.Debug|Any CPU.ActiveCfg = Debug|Any CPU
		{7781952B-D82B-4421-B23E-95D32B555285}.Debug|Any CPU.Build.0 = Debug|Any CPU
		{7781952B-D82B-4421-B23E-95D32B555285}.Release|Any CPU.ActiveCfg = Release|Any CPU
		{7781952B-D82B-4421-B23E-95D32B555285}.Release|Any CPU.Build.0 = Release|Any CPU
		{4DE27BB1-09EE-4210-9376-755090A5A05C}.Debug|Any CPU.ActiveCfg = Debug|Any CPU
		{4DE27BB1-09EE-4210-9376-755090A5A05C}.Debug|Any CPU.Build.0 = Debug|Any CPU
		{4DE27BB1-09EE-4210-9376-755090A5A05C}.Release|Any CPU.ActiveCfg = Release|Any CPU
		{4DE27BB1-09EE-4210-9376-755090A5A05C}.Release|Any CPU.Build.0 = Release|Any CPU
		{21404570-FC39-4C5C-A5CA-6B09DC1FA786}.Debug|Any CPU.ActiveCfg = Debug|Any CPU
		{21404570-FC39-4C5C-A5CA-6B09DC1FA786}.Debug|Any CPU.Build.0 = Debug|Any CPU
		{21404570-FC39-4C5C-A5CA-6B09DC1FA786}.Release|Any CPU.ActiveCfg = Release|Any CPU
		{21404570-FC39-4C5C-A5CA-6B09DC1FA786}.Release|Any CPU.Build.0 = Release|Any CPU
		{F505A6E1-503C-4955-A326-A8388E88A3C5}.Debug|Any CPU.ActiveCfg = Debug|Any CPU
		{F505A6E1-503C-4955-A326-A8388E88A3C5}.Debug|Any CPU.Build.0 = Debug|Any CPU
		{F505A6E1-503C-4955-A326-A8388E88A3C5}.Release|Any CPU.ActiveCfg = Release|Any CPU
		{F505A6E1-503C-4955-A326-A8388E88A3C5}.Release|Any CPU.Build.0 = Release|Any CPU
		{31AB5623-55DF-48A7-A9A6-625B5A9CEE01}.Debug|Any CPU.ActiveCfg = Debug|Any CPU
		{31AB5623-55DF-48A7-A9A6-625B5A9CEE01}.Debug|Any CPU.Build.0 = Debug|Any CPU
		{31AB5623-55DF-48A7-A9A6-625B5A9CEE01}.Release|Any CPU.ActiveCfg = Release|Any CPU
		{31AB5623-55DF-48A7-A9A6-625B5A9CEE01}.Release|Any CPU.Build.0 = Release|Any CPU
	EndGlobalSection
	GlobalSection(SolutionProperties) = preSolution
		HideSolutionNode = FALSE
	EndGlobalSection
EndGlobal
