
Microsoft Visual Studio Solution File, Format Version 12.00
# Visual Studio 2013
VisualStudioVersion = 12.0.31101.0
MinimumVisualStudioVersion = 10.0.40219.1
Project("{FAE04EC0-301F-11D3-BF4B-00C04F79EFBC}") = "Answer01", "HomeWorkVariables\Answer01.csproj", "{D313302C-70C5-4DC3-87F5-7535D8B70E5D}"
EndProject
Project("{FAE04EC0-301F-11D3-BF4B-00C04F79EFBC}") = "Answer02", "Answer02\Answer02.csproj", "{9D590343-D91D-4820-887A-5F01F4A3F381}"
EndProject
Project("{FAE04EC0-301F-11D3-BF4B-00C04F79EFBC}") = "Answer03", "Answer03\Answer03.csproj", "{F6B8465B-E8DA-400C-9AF2-6D846F576CE0}"
EndProject
Project("{FAE04EC0-301F-11D3-BF4B-00C04F79EFBC}") = "Answer04", "Answer04\Answer04.csproj", "{8B6C0485-0ABA-4ABE-A623-C0AACD848138}"
EndProject
Project("{FAE04EC0-301F-11D3-BF4B-00C04F79EFBC}") = "Answer05", "Answer05\Answer05.csproj", "{CA71CB99-CC99-42E4-A744-5D94E86C4E70}"
EndProject
Project("{FAE04EC0-301F-11D3-BF4B-00C04F79EFBC}") = "Answer06", "Answer06\Answer06.csproj", "{A6ED4BD9-5022-45ED-80D7-DF7A1A82E77E}"
EndProject
Project("{FAE04EC0-301F-11D3-BF4B-00C04F79EFBC}") = "Answer07", "Answer07\Answer07.csproj", "{92AF5315-77C4-4542-8064-EB8A22B59BFC}"
EndProject
Project("{FAE04EC0-301F-11D3-BF4B-00C04F79EFBC}") = "Answer08", "Answer08\Answer08.csproj", "{79F663DA-87A7-446A-9DB2-06E1BD401707}"
EndProject
Project("{FAE04EC0-301F-11D3-BF4B-00C04F79EFBC}") = "Answer09", "Answer09\Answer09.csproj", "{45C19B9B-B4E6-4467-B11C-9E0372755849}"
EndProject
Project("{FAE04EC0-301F-11D3-BF4B-00C04F79EFBC}") = "Answer10", "Answer10\Answer10.csproj", "{1B4BC7D8-DBFF-4521-A832-85EE7F45896E}"
EndProject
Project("{FAE04EC0-301F-11D3-BF4B-00C04F79EFBC}") = "Answer11", "Answer11\Answer11.csproj", "{CBEEC1FD-C93A-4D41-8186-154D7340F2F3}"
EndProject
Project("{FAE04EC0-301F-11D3-BF4B-00C04F79EFBC}") = "Answer12", "Answer12\Answer12.csproj", "{65C0C2C4-7513-4E38-8052-4F5FC578B1C8}"
EndProject
Project("{FAE04EC0-301F-11D3-BF4B-00C04F79EFBC}") = "Answer13", "Answer13\Answer13.csproj", "{367760C9-DDA6-4435-BD70-798A5E1BF560}"
EndProject
Project("{FAE04EC0-301F-11D3-BF4B-00C04F79EFBC}") = "Answer14", "Answer14\Answer14.csproj", "{D7941805-A1FC-4AEC-ACB3-F6EC61BA8FEC}"
EndProject
Project("{FAE04EC0-301F-11D3-BF4B-00C04F79EFBC}") = "Answer15", "Answer15\Answer15.csproj", "{41F6D476-F448-4489-9358-32159EFC303B}"
EndProject
Project("{FAE04EC0-301F-11D3-BF4B-00C04F79EFBC}") = "Answer16", "Answer16\Answer16.csproj", "{ED1D8FCD-1080-4E74-910C-6925BAEAE0FD}"
EndProject
Project("{FAE04EC0-301F-11D3-BF4B-00C04F79EFBC}") = "Answer17", "Answer17\Answer17.csproj", "{06CFFB36-560C-4734-B1DB-6B50EA40B56F}"
EndProject
Project("{FAE04EC0-301F-11D3-BF4B-00C04F79EFBC}") = "Answer18", "Answer18\Answer18.csproj", "{F95D4FDA-6502-4B7A-B243-8E6E0D2CB9A8}"
EndProject
Project("{FAE04EC0-301F-11D3-BF4B-00C04F79EFBC}") = "Answer19", "Answer19\Answer19.csproj", "{1C66DA15-CB48-4DF8-A5CC-AACB49EBBF27}"
EndProject
Global
	GlobalSection(SolutionConfigurationPlatforms) = preSolution
		Debug|Any CPU = Debug|Any CPU
		Release|Any CPU = Release|Any CPU
	EndGlobalSection
	GlobalSection(ProjectConfigurationPlatforms) = postSolution
		{D313302C-70C5-4DC3-87F5-7535D8B70E5D}.Debug|Any CPU.ActiveCfg = Debug|Any CPU
		{D313302C-70C5-4DC3-87F5-7535D8B70E5D}.Debug|Any CPU.Build.0 = Debug|Any CPU
		{D313302C-70C5-4DC3-87F5-7535D8B70E5D}.Release|Any CPU.ActiveCfg = Release|Any CPU
		{D313302C-70C5-4DC3-87F5-7535D8B70E5D}.Release|Any CPU.Build.0 = Release|Any CPU
		{9D590343-D91D-4820-887A-5F01F4A3F381}.Debug|Any CPU.ActiveCfg = Debug|Any CPU
		{9D590343-D91D-4820-887A-5F01F4A3F381}.Debug|Any CPU.Build.0 = Debug|Any CPU
		{9D590343-D91D-4820-887A-5F01F4A3F381}.Release|Any CPU.ActiveCfg = Release|Any CPU
		{9D590343-D91D-4820-887A-5F01F4A3F381}.Release|Any CPU.Build.0 = Release|Any CPU
		{F6B8465B-E8DA-400C-9AF2-6D846F576CE0}.Debug|Any CPU.ActiveCfg = Debug|Any CPU
		{F6B8465B-E8DA-400C-9AF2-6D846F576CE0}.Debug|Any CPU.Build.0 = Debug|Any CPU
		{F6B8465B-E8DA-400C-9AF2-6D846F576CE0}.Release|Any CPU.ActiveCfg = Release|Any CPU
		{F6B8465B-E8DA-400C-9AF2-6D846F576CE0}.Release|Any CPU.Build.0 = Release|Any CPU
		{8B6C0485-0ABA-4ABE-A623-C0AACD848138}.Debug|Any CPU.ActiveCfg = Debug|Any CPU
		{8B6C0485-0ABA-4ABE-A623-C0AACD848138}.Debug|Any CPU.Build.0 = Debug|Any CPU
		{8B6C0485-0ABA-4ABE-A623-C0AACD848138}.Release|Any CPU.ActiveCfg = Release|Any CPU
		{8B6C0485-0ABA-4ABE-A623-C0AACD848138}.Release|Any CPU.Build.0 = Release|Any CPU
		{CA71CB99-CC99-42E4-A744-5D94E86C4E70}.Debug|Any CPU.ActiveCfg = Debug|Any CPU
		{CA71CB99-CC99-42E4-A744-5D94E86C4E70}.Debug|Any CPU.Build.0 = Debug|Any CPU
		{CA71CB99-CC99-42E4-A744-5D94E86C4E70}.Release|Any CPU.ActiveCfg = Release|Any CPU
		{CA71CB99-CC99-42E4-A744-5D94E86C4E70}.Release|Any CPU.Build.0 = Release|Any CPU
		{A6ED4BD9-5022-45ED-80D7-DF7A1A82E77E}.Debug|Any CPU.ActiveCfg = Debug|Any CPU
		{A6ED4BD9-5022-45ED-80D7-DF7A1A82E77E}.Debug|Any CPU.Build.0 = Debug|Any CPU
		{A6ED4BD9-5022-45ED-80D7-DF7A1A82E77E}.Release|Any CPU.ActiveCfg = Release|Any CPU
		{A6ED4BD9-5022-45ED-80D7-DF7A1A82E77E}.Release|Any CPU.Build.0 = Release|Any CPU
		{92AF5315-77C4-4542-8064-EB8A22B59BFC}.Debug|Any CPU.ActiveCfg = Debug|Any CPU
		{92AF5315-77C4-4542-8064-EB8A22B59BFC}.Debug|Any CPU.Build.0 = Debug|Any CPU
		{92AF5315-77C4-4542-8064-EB8A22B59BFC}.Release|Any CPU.ActiveCfg = Release|Any CPU
		{92AF5315-77C4-4542-8064-EB8A22B59BFC}.Release|Any CPU.Build.0 = Release|Any CPU
		{79F663DA-87A7-446A-9DB2-06E1BD401707}.Debug|Any CPU.ActiveCfg = Debug|Any CPU
		{79F663DA-87A7-446A-9DB2-06E1BD401707}.Debug|Any CPU.Build.0 = Debug|Any CPU
		{79F663DA-87A7-446A-9DB2-06E1BD401707}.Release|Any CPU.ActiveCfg = Release|Any CPU
		{79F663DA-87A7-446A-9DB2-06E1BD401707}.Release|Any CPU.Build.0 = Release|Any CPU
		{45C19B9B-B4E6-4467-B11C-9E0372755849}.Debug|Any CPU.ActiveCfg = Debug|Any CPU
		{45C19B9B-B4E6-4467-B11C-9E0372755849}.Debug|Any CPU.Build.0 = Debug|Any CPU
		{45C19B9B-B4E6-4467-B11C-9E0372755849}.Release|Any CPU.ActiveCfg = Release|Any CPU
		{45C19B9B-B4E6-4467-B11C-9E0372755849}.Release|Any CPU.Build.0 = Release|Any CPU
		{1B4BC7D8-DBFF-4521-A832-85EE7F45896E}.Debug|Any CPU.ActiveCfg = Debug|Any CPU
		{1B4BC7D8-DBFF-4521-A832-85EE7F45896E}.Debug|Any CPU.Build.0 = Debug|Any CPU
		{1B4BC7D8-DBFF-4521-A832-85EE7F45896E}.Release|Any CPU.ActiveCfg = Release|Any CPU
		{1B4BC7D8-DBFF-4521-A832-85EE7F45896E}.Release|Any CPU.Build.0 = Release|Any CPU
		{CBEEC1FD-C93A-4D41-8186-154D7340F2F3}.Debug|Any CPU.ActiveCfg = Debug|Any CPU
		{CBEEC1FD-C93A-4D41-8186-154D7340F2F3}.Debug|Any CPU.Build.0 = Debug|Any CPU
		{CBEEC1FD-C93A-4D41-8186-154D7340F2F3}.Release|Any CPU.ActiveCfg = Release|Any CPU
		{CBEEC1FD-C93A-4D41-8186-154D7340F2F3}.Release|Any CPU.Build.0 = Release|Any CPU
		{65C0C2C4-7513-4E38-8052-4F5FC578B1C8}.Debug|Any CPU.ActiveCfg = Debug|Any CPU
		{65C0C2C4-7513-4E38-8052-4F5FC578B1C8}.Debug|Any CPU.Build.0 = Debug|Any CPU
		{65C0C2C4-7513-4E38-8052-4F5FC578B1C8}.Release|Any CPU.ActiveCfg = Release|Any CPU
		{65C0C2C4-7513-4E38-8052-4F5FC578B1C8}.Release|Any CPU.Build.0 = Release|Any CPU
		{367760C9-DDA6-4435-BD70-798A5E1BF560}.Debug|Any CPU.ActiveCfg = Debug|Any CPU
		{367760C9-DDA6-4435-BD70-798A5E1BF560}.Debug|Any CPU.Build.0 = Debug|Any CPU
		{367760C9-DDA6-4435-BD70-798A5E1BF560}.Release|Any CPU.ActiveCfg = Release|Any CPU
		{367760C9-DDA6-4435-BD70-798A5E1BF560}.Release|Any CPU.Build.0 = Release|Any CPU
		{D7941805-A1FC-4AEC-ACB3-F6EC61BA8FEC}.Debug|Any CPU.ActiveCfg = Debug|Any CPU
		{D7941805-A1FC-4AEC-ACB3-F6EC61BA8FEC}.Debug|Any CPU.Build.0 = Debug|Any CPU
		{D7941805-A1FC-4AEC-ACB3-F6EC61BA8FEC}.Release|Any CPU.ActiveCfg = Release|Any CPU
		{D7941805-A1FC-4AEC-ACB3-F6EC61BA8FEC}.Release|Any CPU.Build.0 = Release|Any CPU
		{41F6D476-F448-4489-9358-32159EFC303B}.Debug|Any CPU.ActiveCfg = Debug|Any CPU
		{41F6D476-F448-4489-9358-32159EFC303B}.Debug|Any CPU.Build.0 = Debug|Any CPU
		{41F6D476-F448-4489-9358-32159EFC303B}.Release|Any CPU.ActiveCfg = Release|Any CPU
		{41F6D476-F448-4489-9358-32159EFC303B}.Release|Any CPU.Build.0 = Release|Any CPU
		{ED1D8FCD-1080-4E74-910C-6925BAEAE0FD}.Debug|Any CPU.ActiveCfg = Debug|Any CPU
		{ED1D8FCD-1080-4E74-910C-6925BAEAE0FD}.Debug|Any CPU.Build.0 = Debug|Any CPU
		{ED1D8FCD-1080-4E74-910C-6925BAEAE0FD}.Release|Any CPU.ActiveCfg = Release|Any CPU
		{ED1D8FCD-1080-4E74-910C-6925BAEAE0FD}.Release|Any CPU.Build.0 = Release|Any CPU
		{06CFFB36-560C-4734-B1DB-6B50EA40B56F}.Debug|Any CPU.ActiveCfg = Debug|Any CPU
		{06CFFB36-560C-4734-B1DB-6B50EA40B56F}.Debug|Any CPU.Build.0 = Debug|Any CPU
		{06CFFB36-560C-4734-B1DB-6B50EA40B56F}.Release|Any CPU.ActiveCfg = Release|Any CPU
		{06CFFB36-560C-4734-B1DB-6B50EA40B56F}.Release|Any CPU.Build.0 = Release|Any CPU
		{F95D4FDA-6502-4B7A-B243-8E6E0D2CB9A8}.Debug|Any CPU.ActiveCfg = Debug|Any CPU
		{F95D4FDA-6502-4B7A-B243-8E6E0D2CB9A8}.Debug|Any CPU.Build.0 = Debug|Any CPU
		{F95D4FDA-6502-4B7A-B243-8E6E0D2CB9A8}.Release|Any CPU.ActiveCfg = Release|Any CPU
		{F95D4FDA-6502-4B7A-B243-8E6E0D2CB9A8}.Release|Any CPU.Build.0 = Release|Any CPU
		{1C66DA15-CB48-4DF8-A5CC-AACB49EBBF27}.Debug|Any CPU.ActiveCfg = Debug|Any CPU
		{1C66DA15-CB48-4DF8-A5CC-AACB49EBBF27}.Debug|Any CPU.Build.0 = Debug|Any CPU
		{1C66DA15-CB48-4DF8-A5CC-AACB49EBBF27}.Release|Any CPU.ActiveCfg = Release|Any CPU
		{1C66DA15-CB48-4DF8-A5CC-AACB49EBBF27}.Release|Any CPU.Build.0 = Release|Any CPU
	EndGlobalSection
	GlobalSection(SolutionProperties) = preSolution
		HideSolutionNode = FALSE
	EndGlobalSection
EndGlobal
