
Microsoft Visual Studio Solution File, Format Version 12.00
# Visual Studio 14
VisualStudioVersion = 14.0.23107.0
MinimumVisualStudioVersion = 10.0.40219.1
Project("{FAE04EC0-301F-11D3-BF4B-00C04F79EFBC}") = "Answer01", "Answer01\Answer01.csproj", "{9BC3084B-9435-49AE-A467-AED3A342AB44}"
EndProject
Project("{FAE04EC0-301F-11D3-BF4B-00C04F79EFBC}") = "Answer02", "Answer02\Answer02.csproj", "{46823B73-8247-49A6-A125-D7F643F99FA1}"
EndProject
Project("{FAE04EC0-301F-11D3-BF4B-00C04F79EFBC}") = "Answer03", "Answer03\Answer03.csproj", "{DA2F1B72-809E-4B1B-B60C-AABCAAA8218B}"
EndProject
Project("{FAE04EC0-301F-11D3-BF4B-00C04F79EFBC}") = "Answer04", "Answer04\Answer04.csproj", "{01F77AF7-4B81-41AE-8DC3-967450395139}"
EndProject
Project("{FAE04EC0-301F-11D3-BF4B-00C04F79EFBC}") = "Answer05", "Answer05\Answer05.csproj", "{8D4E531B-2863-4B3C-B168-779E4D6E0095}"
EndProject
Project("{FAE04EC0-301F-11D3-BF4B-00C04F79EFBC}") = "Answer06", "Answer06\Answer06.csproj", "{ADDB009F-B29D-4C19-81CB-7AD4725276EA}"
EndProject
Project("{FAE04EC0-301F-11D3-BF4B-00C04F79EFBC}") = "Answer07", "Answer07\Answer07.csproj", "{7C69E9A9-5613-4D52-98B1-266DC032CA1A}"
EndProject
Project("{FAE04EC0-301F-11D3-BF4B-00C04F79EFBC}") = "Answer08", "Answer08\Answer08.csproj", "{A7C137E6-A273-499E-966E-399B66AA38AB}"
EndProject
Project("{FAE04EC0-301F-11D3-BF4B-00C04F79EFBC}") = "Answer09", "Answer09\Answer09.csproj", "{A43B6929-E21B-4380-B55C-27DE44E63FB9}"
EndProject
Project("{FAE04EC0-301F-11D3-BF4B-00C04F79EFBC}") = "Answer10", "Answer10\Answer10.csproj", "{C97C51C5-F970-486C-9B6F-5EB8E9977A96}"
EndProject
Project("{FAE04EC0-301F-11D3-BF4B-00C04F79EFBC}") = "Answer11", "Answer11\Answer11.csproj", "{7793A36E-FBB1-4BFA-B864-A1E4533B6BA6}"
EndProject
Project("{FAE04EC0-301F-11D3-BF4B-00C04F79EFBC}") = "Answer12", "Answer12\Answer12.csproj", "{1BFC7388-DEA9-44A0-85D5-19F5DB96EEF9}"
EndProject
Project("{FAE04EC0-301F-11D3-BF4B-00C04F79EFBC}") = "Answer13", "Answer13\Answer13.csproj", "{A97F8438-5DF7-4347-BBE0-FC6F4746430E}"
EndProject
Project("{FAE04EC0-301F-11D3-BF4B-00C04F79EFBC}") = "Answer14", "Answer14\Answer14.csproj", "{C8F2AEE9-BED5-476C-8763-78E7AD9520F3}"
EndProject
Project("{FAE04EC0-301F-11D3-BF4B-00C04F79EFBC}") = "Answer15", "Answer15\Answer15.csproj", "{08B231F0-BD96-48A6-819E-B2EB0BF81CE2}"
EndProject
Project("{FAE04EC0-301F-11D3-BF4B-00C04F79EFBC}") = "Answer16", "Answer16\Answer16.csproj", "{D8D0AB32-2C31-4DB5-B2E7-5751CE197E72}"
EndProject
Project("{FAE04EC0-301F-11D3-BF4B-00C04F79EFBC}") = "Answer17", "Answer17\Answer17.csproj", "{73B45A39-13D7-4E94-9CA9-7DBA9C29BCA2}"
EndProject
Project("{FAE04EC0-301F-11D3-BF4B-00C04F79EFBC}") = "Answer18", "Answer18\Answer18.csproj", "{7532815B-2411-4D14-8464-2C9DB63955CD}"
EndProject
Project("{FAE04EC0-301F-11D3-BF4B-00C04F79EFBC}") = "Answer19", "Answer19\Answer19.csproj", "{9DE0BE14-84FC-43F6-90C3-B0D1F869A5F7}"
EndProject
Project("{FAE04EC0-301F-11D3-BF4B-00C04F79EFBC}") = "Answer20", "Answer20\Answer20.csproj", "{B6C3DC0F-C7CC-43AC-8058-D8D60CFBE866}"
EndProject
Project("{FAE04EC0-301F-11D3-BF4B-00C04F79EFBC}") = "Answer21", "Answer21\Answer21.csproj", "{646E05E6-1CB1-44C7-8C21-B0505C761D43}"
EndProject
Project("{FAE04EC0-301F-11D3-BF4B-00C04F79EFBC}") = "test", "test\test.csproj", "{6DC8FE2B-63FB-4B17-AB43-338D12B060A3}"
EndProject
Global
	GlobalSection(SolutionConfigurationPlatforms) = preSolution
		Debug|Any CPU = Debug|Any CPU
		Release|Any CPU = Release|Any CPU
	EndGlobalSection
	GlobalSection(ProjectConfigurationPlatforms) = postSolution
		{9BC3084B-9435-49AE-A467-AED3A342AB44}.Debug|Any CPU.ActiveCfg = Debug|Any CPU
		{9BC3084B-9435-49AE-A467-AED3A342AB44}.Debug|Any CPU.Build.0 = Debug|Any CPU
		{9BC3084B-9435-49AE-A467-AED3A342AB44}.Release|Any CPU.ActiveCfg = Release|Any CPU
		{9BC3084B-9435-49AE-A467-AED3A342AB44}.Release|Any CPU.Build.0 = Release|Any CPU
		{46823B73-8247-49A6-A125-D7F643F99FA1}.Debug|Any CPU.ActiveCfg = Debug|Any CPU
		{46823B73-8247-49A6-A125-D7F643F99FA1}.Debug|Any CPU.Build.0 = Debug|Any CPU
		{46823B73-8247-49A6-A125-D7F643F99FA1}.Release|Any CPU.ActiveCfg = Release|Any CPU
		{46823B73-8247-49A6-A125-D7F643F99FA1}.Release|Any CPU.Build.0 = Release|Any CPU
		{DA2F1B72-809E-4B1B-B60C-AABCAAA8218B}.Debug|Any CPU.ActiveCfg = Debug|Any CPU
		{DA2F1B72-809E-4B1B-B60C-AABCAAA8218B}.Debug|Any CPU.Build.0 = Debug|Any CPU
		{DA2F1B72-809E-4B1B-B60C-AABCAAA8218B}.Release|Any CPU.ActiveCfg = Release|Any CPU
		{DA2F1B72-809E-4B1B-B60C-AABCAAA8218B}.Release|Any CPU.Build.0 = Release|Any CPU
		{01F77AF7-4B81-41AE-8DC3-967450395139}.Debug|Any CPU.ActiveCfg = Debug|Any CPU
		{01F77AF7-4B81-41AE-8DC3-967450395139}.Debug|Any CPU.Build.0 = Debug|Any CPU
		{01F77AF7-4B81-41AE-8DC3-967450395139}.Release|Any CPU.ActiveCfg = Release|Any CPU
		{01F77AF7-4B81-41AE-8DC3-967450395139}.Release|Any CPU.Build.0 = Release|Any CPU
		{8D4E531B-2863-4B3C-B168-779E4D6E0095}.Debug|Any CPU.ActiveCfg = Debug|Any CPU
		{8D4E531B-2863-4B3C-B168-779E4D6E0095}.Debug|Any CPU.Build.0 = Debug|Any CPU
		{8D4E531B-2863-4B3C-B168-779E4D6E0095}.Release|Any CPU.ActiveCfg = Release|Any CPU
		{8D4E531B-2863-4B3C-B168-779E4D6E0095}.Release|Any CPU.Build.0 = Release|Any CPU
		{ADDB009F-B29D-4C19-81CB-7AD4725276EA}.Debug|Any CPU.ActiveCfg = Debug|Any CPU
		{ADDB009F-B29D-4C19-81CB-7AD4725276EA}.Debug|Any CPU.Build.0 = Debug|Any CPU
		{ADDB009F-B29D-4C19-81CB-7AD4725276EA}.Release|Any CPU.ActiveCfg = Release|Any CPU
		{ADDB009F-B29D-4C19-81CB-7AD4725276EA}.Release|Any CPU.Build.0 = Release|Any CPU
		{7C69E9A9-5613-4D52-98B1-266DC032CA1A}.Debug|Any CPU.ActiveCfg = Debug|Any CPU
		{7C69E9A9-5613-4D52-98B1-266DC032CA1A}.Debug|Any CPU.Build.0 = Debug|Any CPU
		{7C69E9A9-5613-4D52-98B1-266DC032CA1A}.Release|Any CPU.ActiveCfg = Release|Any CPU
		{7C69E9A9-5613-4D52-98B1-266DC032CA1A}.Release|Any CPU.Build.0 = Release|Any CPU
		{A7C137E6-A273-499E-966E-399B66AA38AB}.Debug|Any CPU.ActiveCfg = Debug|Any CPU
		{A7C137E6-A273-499E-966E-399B66AA38AB}.Debug|Any CPU.Build.0 = Debug|Any CPU
		{A7C137E6-A273-499E-966E-399B66AA38AB}.Release|Any CPU.ActiveCfg = Release|Any CPU
		{A7C137E6-A273-499E-966E-399B66AA38AB}.Release|Any CPU.Build.0 = Release|Any CPU
		{A43B6929-E21B-4380-B55C-27DE44E63FB9}.Debug|Any CPU.ActiveCfg = Debug|Any CPU
		{A43B6929-E21B-4380-B55C-27DE44E63FB9}.Debug|Any CPU.Build.0 = Debug|Any CPU
		{A43B6929-E21B-4380-B55C-27DE44E63FB9}.Release|Any CPU.ActiveCfg = Release|Any CPU
		{A43B6929-E21B-4380-B55C-27DE44E63FB9}.Release|Any CPU.Build.0 = Release|Any CPU
		{C97C51C5-F970-486C-9B6F-5EB8E9977A96}.Debug|Any CPU.ActiveCfg = Debug|Any CPU
		{C97C51C5-F970-486C-9B6F-5EB8E9977A96}.Debug|Any CPU.Build.0 = Debug|Any CPU
		{C97C51C5-F970-486C-9B6F-5EB8E9977A96}.Release|Any CPU.ActiveCfg = Release|Any CPU
		{C97C51C5-F970-486C-9B6F-5EB8E9977A96}.Release|Any CPU.Build.0 = Release|Any CPU
		{7793A36E-FBB1-4BFA-B864-A1E4533B6BA6}.Debug|Any CPU.ActiveCfg = Debug|Any CPU
		{7793A36E-FBB1-4BFA-B864-A1E4533B6BA6}.Debug|Any CPU.Build.0 = Debug|Any CPU
		{7793A36E-FBB1-4BFA-B864-A1E4533B6BA6}.Release|Any CPU.ActiveCfg = Release|Any CPU
		{7793A36E-FBB1-4BFA-B864-A1E4533B6BA6}.Release|Any CPU.Build.0 = Release|Any CPU
		{1BFC7388-DEA9-44A0-85D5-19F5DB96EEF9}.Debug|Any CPU.ActiveCfg = Debug|Any CPU
		{1BFC7388-DEA9-44A0-85D5-19F5DB96EEF9}.Debug|Any CPU.Build.0 = Debug|Any CPU
		{1BFC7388-DEA9-44A0-85D5-19F5DB96EEF9}.Release|Any CPU.ActiveCfg = Release|Any CPU
		{1BFC7388-DEA9-44A0-85D5-19F5DB96EEF9}.Release|Any CPU.Build.0 = Release|Any CPU
		{A97F8438-5DF7-4347-BBE0-FC6F4746430E}.Debug|Any CPU.ActiveCfg = Debug|Any CPU
		{A97F8438-5DF7-4347-BBE0-FC6F4746430E}.Debug|Any CPU.Build.0 = Debug|Any CPU
		{A97F8438-5DF7-4347-BBE0-FC6F4746430E}.Release|Any CPU.ActiveCfg = Release|Any CPU
		{A97F8438-5DF7-4347-BBE0-FC6F4746430E}.Release|Any CPU.Build.0 = Release|Any CPU
		{C8F2AEE9-BED5-476C-8763-78E7AD9520F3}.Debug|Any CPU.ActiveCfg = Debug|Any CPU
		{C8F2AEE9-BED5-476C-8763-78E7AD9520F3}.Debug|Any CPU.Build.0 = Debug|Any CPU
		{C8F2AEE9-BED5-476C-8763-78E7AD9520F3}.Release|Any CPU.ActiveCfg = Release|Any CPU
		{C8F2AEE9-BED5-476C-8763-78E7AD9520F3}.Release|Any CPU.Build.0 = Release|Any CPU
		{08B231F0-BD96-48A6-819E-B2EB0BF81CE2}.Debug|Any CPU.ActiveCfg = Debug|Any CPU
		{08B231F0-BD96-48A6-819E-B2EB0BF81CE2}.Debug|Any CPU.Build.0 = Debug|Any CPU
		{08B231F0-BD96-48A6-819E-B2EB0BF81CE2}.Release|Any CPU.ActiveCfg = Release|Any CPU
		{08B231F0-BD96-48A6-819E-B2EB0BF81CE2}.Release|Any CPU.Build.0 = Release|Any CPU
		{D8D0AB32-2C31-4DB5-B2E7-5751CE197E72}.Debug|Any CPU.ActiveCfg = Debug|Any CPU
		{D8D0AB32-2C31-4DB5-B2E7-5751CE197E72}.Debug|Any CPU.Build.0 = Debug|Any CPU
		{D8D0AB32-2C31-4DB5-B2E7-5751CE197E72}.Release|Any CPU.ActiveCfg = Release|Any CPU
		{D8D0AB32-2C31-4DB5-B2E7-5751CE197E72}.Release|Any CPU.Build.0 = Release|Any CPU
		{73B45A39-13D7-4E94-9CA9-7DBA9C29BCA2}.Debug|Any CPU.ActiveCfg = Debug|Any CPU
		{73B45A39-13D7-4E94-9CA9-7DBA9C29BCA2}.Debug|Any CPU.Build.0 = Debug|Any CPU
		{73B45A39-13D7-4E94-9CA9-7DBA9C29BCA2}.Release|Any CPU.ActiveCfg = Release|Any CPU
		{73B45A39-13D7-4E94-9CA9-7DBA9C29BCA2}.Release|Any CPU.Build.0 = Release|Any CPU
		{7532815B-2411-4D14-8464-2C9DB63955CD}.Debug|Any CPU.ActiveCfg = Debug|Any CPU
		{7532815B-2411-4D14-8464-2C9DB63955CD}.Debug|Any CPU.Build.0 = Debug|Any CPU
		{7532815B-2411-4D14-8464-2C9DB63955CD}.Release|Any CPU.ActiveCfg = Release|Any CPU
		{7532815B-2411-4D14-8464-2C9DB63955CD}.Release|Any CPU.Build.0 = Release|Any CPU
		{9DE0BE14-84FC-43F6-90C3-B0D1F869A5F7}.Debug|Any CPU.ActiveCfg = Debug|Any CPU
		{9DE0BE14-84FC-43F6-90C3-B0D1F869A5F7}.Debug|Any CPU.Build.0 = Debug|Any CPU
		{9DE0BE14-84FC-43F6-90C3-B0D1F869A5F7}.Release|Any CPU.ActiveCfg = Release|Any CPU
		{9DE0BE14-84FC-43F6-90C3-B0D1F869A5F7}.Release|Any CPU.Build.0 = Release|Any CPU
		{B6C3DC0F-C7CC-43AC-8058-D8D60CFBE866}.Debug|Any CPU.ActiveCfg = Debug|Any CPU
		{B6C3DC0F-C7CC-43AC-8058-D8D60CFBE866}.Debug|Any CPU.Build.0 = Debug|Any CPU
		{B6C3DC0F-C7CC-43AC-8058-D8D60CFBE866}.Release|Any CPU.ActiveCfg = Release|Any CPU
		{B6C3DC0F-C7CC-43AC-8058-D8D60CFBE866}.Release|Any CPU.Build.0 = Release|Any CPU
		{646E05E6-1CB1-44C7-8C21-B0505C761D43}.Debug|Any CPU.ActiveCfg = Debug|Any CPU
		{646E05E6-1CB1-44C7-8C21-B0505C761D43}.Debug|Any CPU.Build.0 = Debug|Any CPU
		{646E05E6-1CB1-44C7-8C21-B0505C761D43}.Release|Any CPU.ActiveCfg = Release|Any CPU
		{646E05E6-1CB1-44C7-8C21-B0505C761D43}.Release|Any CPU.Build.0 = Release|Any CPU
		{6DC8FE2B-63FB-4B17-AB43-338D12B060A3}.Debug|Any CPU.ActiveCfg = Debug|Any CPU
		{6DC8FE2B-63FB-4B17-AB43-338D12B060A3}.Debug|Any CPU.Build.0 = Debug|Any CPU
		{6DC8FE2B-63FB-4B17-AB43-338D12B060A3}.Release|Any CPU.ActiveCfg = Release|Any CPU
		{6DC8FE2B-63FB-4B17-AB43-338D12B060A3}.Release|Any CPU.Build.0 = Release|Any CPU
	EndGlobalSection
	GlobalSection(SolutionProperties) = preSolution
		HideSolutionNode = FALSE
	EndGlobalSection
EndGlobal
